// !$*UTF8*$!
{
	archiveVersion = 1;
	classes = {
	};
	objectVersion = 46;
	objects = {

/* Begin PBXBuildFile section */
		1771CB131E39F817001A55BE /* CameraViewController.swift in Sources */ = {isa = PBXBuildFile; fileRef = 1771CB121E39F817001A55BE /* CameraViewController.swift */; };
		1771CB151E39F827001A55BE /* CameraViewModel.swift in Sources */ = {isa = PBXBuildFile; fileRef = 1771CB141E39F827001A55BE /* CameraViewModel.swift */; };
		177AED5A1E39C5E300FB1802 /* AppDelegate.swift in Sources */ = {isa = PBXBuildFile; fileRef = 177AED591E39C5E300FB1802 /* AppDelegate.swift */; };
		177AED5F1E39C5E300FB1802 /* Main.storyboard in Resources */ = {isa = PBXBuildFile; fileRef = 177AED5D1E39C5E300FB1802 /* Main.storyboard */; };
		177AED611E39C5E300FB1802 /* Assets.xcassets in Resources */ = {isa = PBXBuildFile; fileRef = 177AED601E39C5E300FB1802 /* Assets.xcassets */; };
		177AED641E39C5E300FB1802 /* LaunchScreen.storyboard in Resources */ = {isa = PBXBuildFile; fileRef = 177AED621E39C5E300FB1802 /* LaunchScreen.storyboard */; };
		177AED6F1E39C5E300FB1802 /* CameraTestTests.swift in Sources */ = {isa = PBXBuildFile; fileRef = 177AED6E1E39C5E300FB1802 /* CameraTestTests.swift */; };
		177AED7A1E39C5E300FB1802 /* CameraTestUITests.swift in Sources */ = {isa = PBXBuildFile; fileRef = 177AED791E39C5E300FB1802 /* CameraTestUITests.swift */; };
		4F06971590EFF73162413380 /* Pods_CameraTest.framework in Frameworks */ = {isa = PBXBuildFile; fileRef = 4FBFC714A08C809DE015F687 /* Pods_CameraTest.framework */; };
		701BB6175AD98D8F3EEC5806 /* Pods_CameraTestUITests.framework in Frameworks */ = {isa = PBXBuildFile; fileRef = 859BC8D3E30F36EE40AE6812 /* Pods_CameraTestUITests.framework */; };
		A5B9526B802109B03EE88BA1 /* Pods_CameraTestTests.framework in Frameworks */ = {isa = PBXBuildFile; fileRef = 5F997CDD80679BF2FF82E2FC /* Pods_CameraTestTests.framework */; };
/* End PBXBuildFile section */

/* Begin PBXContainerItemProxy section */
		177AED6B1E39C5E300FB1802 /* PBXContainerItemProxy */ = {
			isa = PBXContainerItemProxy;
			containerPortal = 177AED4E1E39C5E300FB1802 /* Project object */;
			proxyType = 1;
			remoteGlobalIDString = 177AED551E39C5E300FB1802;
			remoteInfo = CameraTest;
		};
		177AED761E39C5E300FB1802 /* PBXContainerItemProxy */ = {
			isa = PBXContainerItemProxy;
			containerPortal = 177AED4E1E39C5E300FB1802 /* Project object */;
			proxyType = 1;
			remoteGlobalIDString = 177AED551E39C5E300FB1802;
			remoteInfo = CameraTest;
		};
/* End PBXContainerItemProxy section */

/* Begin PBXFileReference section */
		0DD55CD45DB5E456E7789682 /* Pods-CameraTestUITests.debug.xcconfig */ = {isa = PBXFileReference; includeInIndex = 1; lastKnownFileType = text.xcconfig; name = "Pods-CameraTestUITests.debug.xcconfig"; path = "Pods/Target Support Files/Pods-CameraTestUITests/Pods-CameraTestUITests.debug.xcconfig"; sourceTree = "<group>"; };
		1771CB121E39F817001A55BE /* CameraViewController.swift */ = {isa = PBXFileReference; fileEncoding = 4; lastKnownFileType = sourcecode.swift; path = CameraViewController.swift; sourceTree = "<group>"; };
		1771CB141E39F827001A55BE /* CameraViewModel.swift */ = {isa = PBXFileReference; fileEncoding = 4; lastKnownFileType = sourcecode.swift; path = CameraViewModel.swift; sourceTree = "<group>"; };
		177AED561E39C5E300FB1802 /* CameraTest.app */ = {isa = PBXFileReference; explicitFileType = wrapper.application; includeInIndex = 0; path = CameraTest.app; sourceTree = BUILT_PRODUCTS_DIR; };
		177AED591E39C5E300FB1802 /* AppDelegate.swift */ = {isa = PBXFileReference; lastKnownFileType = sourcecode.swift; path = AppDelegate.swift; sourceTree = "<group>"; };
		177AED5E1E39C5E300FB1802 /* Base */ = {isa = PBXFileReference; lastKnownFileType = file.storyboard; name = Base; path = Base.lproj/Main.storyboard; sourceTree = "<group>"; };
		177AED601E39C5E300FB1802 /* Assets.xcassets */ = {isa = PBXFileReference; lastKnownFileType = folder.assetcatalog; path = Assets.xcassets; sourceTree = "<group>"; };
		177AED631E39C5E300FB1802 /* Base */ = {isa = PBXFileReference; lastKnownFileType = file.storyboard; name = Base; path = Base.lproj/LaunchScreen.storyboard; sourceTree = "<group>"; };
		177AED651E39C5E300FB1802 /* Info.plist */ = {isa = PBXFileReference; lastKnownFileType = text.plist.xml; path = Info.plist; sourceTree = "<group>"; };
		177AED6A1E39C5E300FB1802 /* CameraTestTests.xctest */ = {isa = PBXFileReference; explicitFileType = wrapper.cfbundle; includeInIndex = 0; path = CameraTestTests.xctest; sourceTree = BUILT_PRODUCTS_DIR; };
		177AED6E1E39C5E300FB1802 /* CameraTestTests.swift */ = {isa = PBXFileReference; lastKnownFileType = sourcecode.swift; path = CameraTestTests.swift; sourceTree = "<group>"; };
		177AED701E39C5E300FB1802 /* Info.plist */ = {isa = PBXFileReference; lastKnownFileType = text.plist.xml; path = Info.plist; sourceTree = "<group>"; };
		177AED751E39C5E300FB1802 /* CameraTestUITests.xctest */ = {isa = PBXFileReference; explicitFileType = wrapper.cfbundle; includeInIndex = 0; path = CameraTestUITests.xctest; sourceTree = BUILT_PRODUCTS_DIR; };
		177AED791E39C5E300FB1802 /* CameraTestUITests.swift */ = {isa = PBXFileReference; lastKnownFileType = sourcecode.swift; path = CameraTestUITests.swift; sourceTree = "<group>"; };
		177AED7B1E39C5E300FB1802 /* Info.plist */ = {isa = PBXFileReference; lastKnownFileType = text.plist.xml; path = Info.plist; sourceTree = "<group>"; };
		4FBFC714A08C809DE015F687 /* Pods_CameraTest.framework */ = {isa = PBXFileReference; explicitFileType = wrapper.framework; includeInIndex = 0; path = Pods_CameraTest.framework; sourceTree = BUILT_PRODUCTS_DIR; };
		5F997CDD80679BF2FF82E2FC /* Pods_CameraTestTests.framework */ = {isa = PBXFileReference; explicitFileType = wrapper.framework; includeInIndex = 0; path = Pods_CameraTestTests.framework; sourceTree = BUILT_PRODUCTS_DIR; };
		7C75B6F80829AA7B2EB1CC9E /* Pods-CameraTest.release.xcconfig */ = {isa = PBXFileReference; includeInIndex = 1; lastKnownFileType = text.xcconfig; name = "Pods-CameraTest.release.xcconfig"; path = "Pods/Target Support Files/Pods-CameraTest/Pods-CameraTest.release.xcconfig"; sourceTree = "<group>"; };
		80CC4052D2C39E461EF2B022 /* Pods-CameraTestTests.debug.xcconfig */ = {isa = PBXFileReference; includeInIndex = 1; lastKnownFileType = text.xcconfig; name = "Pods-CameraTestTests.debug.xcconfig"; path = "Pods/Target Support Files/Pods-CameraTestTests/Pods-CameraTestTests.debug.xcconfig"; sourceTree = "<group>"; };
		859BC8D3E30F36EE40AE6812 /* Pods_CameraTestUITests.framework */ = {isa = PBXFileReference; explicitFileType = wrapper.framework; includeInIndex = 0; path = Pods_CameraTestUITests.framework; sourceTree = BUILT_PRODUCTS_DIR; };
		A8015AE39E0CA9ACD7008A32 /* Pods-CameraTest.debug.xcconfig */ = {isa = PBXFileReference; includeInIndex = 1; lastKnownFileType = text.xcconfig; name = "Pods-CameraTest.debug.xcconfig"; path = "Pods/Target Support Files/Pods-CameraTest/Pods-CameraTest.debug.xcconfig"; sourceTree = "<group>"; };
		FB509EAB331FCF867F6EF0CA /* Pods-CameraTestUITests.release.xcconfig */ = {isa = PBXFileReference; includeInIndex = 1; lastKnownFileType = text.xcconfig; name = "Pods-CameraTestUITests.release.xcconfig"; path = "Pods/Target Support Files/Pods-CameraTestUITests/Pods-CameraTestUITests.release.xcconfig"; sourceTree = "<group>"; };
		FC1DDE2956A97A5E9F5622E0 /* Pods-CameraTestTests.release.xcconfig */ = {isa = PBXFileReference; includeInIndex = 1; lastKnownFileType = text.xcconfig; name = "Pods-CameraTestTests.release.xcconfig"; path = "Pods/Target Support Files/Pods-CameraTestTests/Pods-CameraTestTests.release.xcconfig"; sourceTree = "<group>"; };
/* End PBXFileReference section */

/* Begin PBXFrameworksBuildPhase section */
		177AED531E39C5E300FB1802 /* Frameworks */ = {
			isa = PBXFrameworksBuildPhase;
			buildActionMask = 2147483647;
			files = (
				4F06971590EFF73162413380 /* Pods_CameraTest.framework in Frameworks */,
			);
			runOnlyForDeploymentPostprocessing = 0;
		};
		177AED671E39C5E300FB1802 /* Frameworks */ = {
			isa = PBXFrameworksBuildPhase;
			buildActionMask = 2147483647;
			files = (
				A5B9526B802109B03EE88BA1 /* Pods_CameraTestTests.framework in Frameworks */,
			);
			runOnlyForDeploymentPostprocessing = 0;
		};
		177AED721E39C5E300FB1802 /* Frameworks */ = {
			isa = PBXFrameworksBuildPhase;
			buildActionMask = 2147483647;
			files = (
				701BB6175AD98D8F3EEC5806 /* Pods_CameraTestUITests.framework in Frameworks */,
			);
			runOnlyForDeploymentPostprocessing = 0;
		};
/* End PBXFrameworksBuildPhase section */

/* Begin PBXGroup section */
		1771CB101E39F7D7001A55BE /* Views */ = {
			isa = PBXGroup;
			children = (
				1771CB121E39F817001A55BE /* CameraViewController.swift */,
			);
			path = Views;
			sourceTree = "<group>";
		};
		1771CB111E39F7E0001A55BE /* ViewModels */ = {
			isa = PBXGroup;
			children = (
				1771CB141E39F827001A55BE /* CameraViewModel.swift */,
			);
			path = ViewModels;
			sourceTree = "<group>";
		};
		177AED4D1E39C5E300FB1802 = {
			isa = PBXGroup;
			children = (
				177AED581E39C5E300FB1802 /* CameraTest */,
				177AED6D1E39C5E300FB1802 /* CameraTestTests */,
				177AED781E39C5E300FB1802 /* CameraTestUITests */,
				177AED571E39C5E300FB1802 /* Products */,
				ED4FEBA9BEDEA289F22B722C /* Pods */,
				E2D8B996FC8F0A3BE243D0F1 /* Frameworks */,
			);
			sourceTree = "<group>";
		};
		177AED571E39C5E300FB1802 /* Products */ = {
			isa = PBXGroup;
			children = (
				177AED561E39C5E300FB1802 /* CameraTest.app */,
				177AED6A1E39C5E300FB1802 /* CameraTestTests.xctest */,
				177AED751E39C5E300FB1802 /* CameraTestUITests.xctest */,
			);
			name = Products;
			sourceTree = "<group>";
		};
		177AED581E39C5E300FB1802 /* CameraTest */ = {
			isa = PBXGroup;
			children = (
				17969B9B1E404E2900F7C481 /* Extensions */,
				1771CB111E39F7E0001A55BE /* ViewModels */,
				1771CB101E39F7D7001A55BE /* Views */,
				177AED591E39C5E300FB1802 /* AppDelegate.swift */,
				177AED5D1E39C5E300FB1802 /* Main.storyboard */,
				177AED601E39C5E300FB1802 /* Assets.xcassets */,
				177AED621E39C5E300FB1802 /* LaunchScreen.storyboard */,
				177AED651E39C5E300FB1802 /* Info.plist */,
			);
			path = CameraTest;
			sourceTree = "<group>";
		};
		177AED6D1E39C5E300FB1802 /* CameraTestTests */ = {
			isa = PBXGroup;
			children = (
				177AED6E1E39C5E300FB1802 /* CameraTestTests.swift */,
				177AED701E39C5E300FB1802 /* Info.plist */,
			);
			path = CameraTestTests;
			sourceTree = "<group>";
		};
		177AED781E39C5E300FB1802 /* CameraTestUITests */ = {
			isa = PBXGroup;
			children = (
				177AED791E39C5E300FB1802 /* CameraTestUITests.swift */,
				177AED7B1E39C5E300FB1802 /* Info.plist */,
			);
			path = CameraTestUITests;
			sourceTree = "<group>";
		};
		17969B9B1E404E2900F7C481 /* Extensions */ = {
			isa = PBXGroup;
			children = (
			);
			path = Extensions;
			sourceTree = "<group>";
		};
		E2D8B996FC8F0A3BE243D0F1 /* Frameworks */ = {
			isa = PBXGroup;
			children = (
				4FBFC714A08C809DE015F687 /* Pods_CameraTest.framework */,
				5F997CDD80679BF2FF82E2FC /* Pods_CameraTestTests.framework */,
				859BC8D3E30F36EE40AE6812 /* Pods_CameraTestUITests.framework */,
			);
			name = Frameworks;
			sourceTree = "<group>";
		};
		ED4FEBA9BEDEA289F22B722C /* Pods */ = {
			isa = PBXGroup;
			children = (
				A8015AE39E0CA9ACD7008A32 /* Pods-CameraTest.debug.xcconfig */,
				7C75B6F80829AA7B2EB1CC9E /* Pods-CameraTest.release.xcconfig */,
				80CC4052D2C39E461EF2B022 /* Pods-CameraTestTests.debug.xcconfig */,
				FC1DDE2956A97A5E9F5622E0 /* Pods-CameraTestTests.release.xcconfig */,
				0DD55CD45DB5E456E7789682 /* Pods-CameraTestUITests.debug.xcconfig */,
				FB509EAB331FCF867F6EF0CA /* Pods-CameraTestUITests.release.xcconfig */,
			);
			name = Pods;
			sourceTree = "<group>";
		};
/* End PBXGroup section */

/* Begin PBXNativeTarget section */
		177AED551E39C5E300FB1802 /* CameraTest */ = {
			isa = PBXNativeTarget;
			buildConfigurationList = 177AED7E1E39C5E300FB1802 /* Build configuration list for PBXNativeTarget "CameraTest" */;
			buildPhases = (
				FE060A33758452110053549C /* [CP] Check Pods Manifest.lock */,
				177AED521E39C5E300FB1802 /* Sources */,
				177AED531E39C5E300FB1802 /* Frameworks */,
				177AED541E39C5E300FB1802 /* Resources */,
				2EA66B824370F4C7AB75EA03 /* [CP] Embed Pods Frameworks */,
				22F181D49213FD8E2D146507 /* [CP] Copy Pods Resources */,
			);
			buildRules = (
			);
			dependencies = (
			);
			name = CameraTest;
			productName = CameraTest;
			productReference = 177AED561E39C5E300FB1802 /* CameraTest.app */;
			productType = "com.apple.product-type.application";
		};
		177AED691E39C5E300FB1802 /* CameraTestTests */ = {
			isa = PBXNativeTarget;
			buildConfigurationList = 177AED811E39C5E300FB1802 /* Build configuration list for PBXNativeTarget "CameraTestTests" */;
			buildPhases = (
				417A17EFFB60E61F8E445829 /* [CP] Check Pods Manifest.lock */,
				177AED661E39C5E300FB1802 /* Sources */,
				177AED671E39C5E300FB1802 /* Frameworks */,
				177AED681E39C5E300FB1802 /* Resources */,
				4E470E14EC83573134FD164B /* [CP] Embed Pods Frameworks */,
				70764A1A6D531294B4368AC2 /* [CP] Copy Pods Resources */,
			);
			buildRules = (
			);
			dependencies = (
				177AED6C1E39C5E300FB1802 /* PBXTargetDependency */,
			);
			name = CameraTestTests;
			productName = CameraTestTests;
			productReference = 177AED6A1E39C5E300FB1802 /* CameraTestTests.xctest */;
			productType = "com.apple.product-type.bundle.unit-test";
		};
		177AED741E39C5E300FB1802 /* CameraTestUITests */ = {
			isa = PBXNativeTarget;
			buildConfigurationList = 177AED841E39C5E300FB1802 /* Build configuration list for PBXNativeTarget "CameraTestUITests" */;
			buildPhases = (
				8AC3DF0D1F78CBA290F6D9AB /* [CP] Check Pods Manifest.lock */,
				177AED711E39C5E300FB1802 /* Sources */,
				177AED721E39C5E300FB1802 /* Frameworks */,
				177AED731E39C5E300FB1802 /* Resources */,
				63A3E8A2F588CDE531C0652C /* [CP] Embed Pods Frameworks */,
				F6677BF3F4A881A596B60D8A /* [CP] Copy Pods Resources */,
			);
			buildRules = (
			);
			dependencies = (
				177AED771E39C5E300FB1802 /* PBXTargetDependency */,
			);
			name = CameraTestUITests;
			productName = CameraTestUITests;
			productReference = 177AED751E39C5E300FB1802 /* CameraTestUITests.xctest */;
			productType = "com.apple.product-type.bundle.ui-testing";
		};
/* End PBXNativeTarget section */

/* Begin PBXProject section */
		177AED4E1E39C5E300FB1802 /* Project object */ = {
			isa = PBXProject;
			attributes = {
				LastSwiftUpdateCheck = 0810;
				LastUpgradeCheck = 0810;
				ORGANIZATIONNAME = "高松　幸平";
				TargetAttributes = {
					177AED551E39C5E300FB1802 = {
						CreatedOnToolsVersion = 8.1;
						DevelopmentTeam = 4DX8QB5HYZ;
						ProvisioningStyle = Automatic;
					};
					177AED691E39C5E300FB1802 = {
						CreatedOnToolsVersion = 8.1;
						ProvisioningStyle = Automatic;
						TestTargetID = 177AED551E39C5E300FB1802;
					};
					177AED741E39C5E300FB1802 = {
						CreatedOnToolsVersion = 8.1;
						ProvisioningStyle = Automatic;
						TestTargetID = 177AED551E39C5E300FB1802;
					};
				};
			};
			buildConfigurationList = 177AED511E39C5E300FB1802 /* Build configuration list for PBXProject "CameraTest" */;
			compatibilityVersion = "Xcode 3.2";
			developmentRegion = English;
			hasScannedForEncodings = 0;
			knownRegions = (
				en,
				Base,
			);
			mainGroup = 177AED4D1E39C5E300FB1802;
			productRefGroup = 177AED571E39C5E300FB1802 /* Products */;
			projectDirPath = "";
			projectRoot = "";
			targets = (
				177AED551E39C5E300FB1802 /* CameraTest */,
				177AED691E39C5E300FB1802 /* CameraTestTests */,
				177AED741E39C5E300FB1802 /* CameraTestUITests */,
			);
		};
/* End PBXProject section */

/* Begin PBXResourcesBuildPhase section */
		177AED541E39C5E300FB1802 /* Resources */ = {
			isa = PBXResourcesBuildPhase;
			buildActionMask = 2147483647;
			files = (
				177AED641E39C5E300FB1802 /* LaunchScreen.storyboard in Resources */,
				177AED611E39C5E300FB1802 /* Assets.xcassets in Resources */,
				177AED5F1E39C5E300FB1802 /* Main.storyboard in Resources */,
			);
			runOnlyForDeploymentPostprocessing = 0;
		};
		177AED681E39C5E300FB1802 /* Resources */ = {
			isa = PBXResourcesBuildPhase;
			buildActionMask = 2147483647;
			files = (
			);
			runOnlyForDeploymentPostprocessing = 0;
		};
		177AED731E39C5E300FB1802 /* Resources */ = {
			isa = PBXResourcesBuildPhase;
			buildActionMask = 2147483647;
			files = (
			);
			runOnlyForDeploymentPostprocessing = 0;
		};
/* End PBXResourcesBuildPhase section */

/* Begin PBXShellScriptBuildPhase section */
		22F181D49213FD8E2D146507 /* [CP] Copy Pods Resources */ = {
			isa = PBXShellScriptBuildPhase;
			buildActionMask = 2147483647;
			files = (
			);
			inputPaths = (
			);
			name = "[CP] Copy Pods Resources";
			outputPaths = (
			);
			runOnlyForDeploymentPostprocessing = 0;
			shellPath = /bin/sh;
			shellScript = "\"${SRCROOT}/Pods/Target Support Files/Pods-CameraTest/Pods-CameraTest-resources.sh\"\n";
			showEnvVarsInLog = 0;
		};
		2EA66B824370F4C7AB75EA03 /* [CP] Embed Pods Frameworks */ = {
			isa = PBXShellScriptBuildPhase;
			buildActionMask = 2147483647;
			files = (
			);
			inputPaths = (
			);
			name = "[CP] Embed Pods Frameworks";
			outputPaths = (
			);
			runOnlyForDeploymentPostprocessing = 0;
			shellPath = /bin/sh;
			shellScript = "\"${SRCROOT}/Pods/Target Support Files/Pods-CameraTest/Pods-CameraTest-frameworks.sh\"\n";
			showEnvVarsInLog = 0;
		};
		417A17EFFB60E61F8E445829 /* [CP] Check Pods Manifest.lock */ = {
			isa = PBXShellScriptBuildPhase;
			buildActionMask = 2147483647;
			files = (
			);
			inputPaths = (
			);
			name = "[CP] Check Pods Manifest.lock";
			outputPaths = (
			);
			runOnlyForDeploymentPostprocessing = 0;
			shellPath = /bin/sh;
			shellScript = "diff \"${PODS_ROOT}/../Podfile.lock\" \"${PODS_ROOT}/Manifest.lock\" > /dev/null\nif [ $? != 0 ] ; then\n    # print error to STDERR\n    echo \"error: The sandbox is not in sync with the Podfile.lock. Run 'pod install' or update your CocoaPods installation.\" >&2\n    exit 1\nfi\n";
			showEnvVarsInLog = 0;
		};
		4E470E14EC83573134FD164B /* [CP] Embed Pods Frameworks */ = {
			isa = PBXShellScriptBuildPhase;
			buildActionMask = 2147483647;
			files = (
			);
			inputPaths = (
			);
			name = "[CP] Embed Pods Frameworks";
			outputPaths = (
			);
			runOnlyForDeploymentPostprocessing = 0;
			shellPath = /bin/sh;
			shellScript = "\"${SRCROOT}/Pods/Target Support Files/Pods-CameraTestTests/Pods-CameraTestTests-frameworks.sh\"\n";
			showEnvVarsInLog = 0;
		};
		63A3E8A2F588CDE531C0652C /* [CP] Embed Pods Frameworks */ = {
			isa = PBXShellScriptBuildPhase;
			buildActionMask = 2147483647;
			files = (
			);
			inputPaths = (
			);
			name = "[CP] Embed Pods Frameworks";
			outputPaths = (
			);
			runOnlyForDeploymentPostprocessing = 0;
			shellPath = /bin/sh;
			shellScript = "\"${SRCROOT}/Pods/Target Support Files/Pods-CameraTestUITests/Pods-CameraTestUITests-frameworks.sh\"\n";
			showEnvVarsInLog = 0;
		};
		70764A1A6D531294B4368AC2 /* [CP] Copy Pods Resources */ = {
			isa = PBXShellScriptBuildPhase;
			buildActionMask = 2147483647;
			files = (
			);
			inputPaths = (
			);
			name = "[CP] Copy Pods Resources";
			outputPaths = (
			);
			runOnlyForDeploymentPostprocessing = 0;
			shellPath = /bin/sh;
			shellScript = "\"${SRCROOT}/Pods/Target Support Files/Pods-CameraTestTests/Pods-CameraTestTests-resources.sh\"\n";
			showEnvVarsInLog = 0;
		};
		8AC3DF0D1F78CBA290F6D9AB /* [CP] Check Pods Manifest.lock */ = {
			isa = PBXShellScriptBuildPhase;
			buildActionMask = 2147483647;
			files = (
			);
			inputPaths = (
			);
			name = "[CP] Check Pods Manifest.lock";
			outputPaths = (
			);
			runOnlyForDeploymentPostprocessing = 0;
			shellPath = /bin/sh;
			shellScript = "diff \"${PODS_ROOT}/../Podfile.lock\" \"${PODS_ROOT}/Manifest.lock\" > /dev/null\nif [ $? != 0 ] ; then\n    # print error to STDERR\n    echo \"error: The sandbox is not in sync with the Podfile.lock. Run 'pod install' or update your CocoaPods installation.\" >&2\n    exit 1\nfi\n";
			showEnvVarsInLog = 0;
		};
		F6677BF3F4A881A596B60D8A /* [CP] Copy Pods Resources */ = {
			isa = PBXShellScriptBuildPhase;
			buildActionMask = 2147483647;
			files = (
			);
			inputPaths = (
			);
			name = "[CP] Copy Pods Resources";
			outputPaths = (
			);
			runOnlyForDeploymentPostprocessing = 0;
			shellPath = /bin/sh;
			shellScript = "\"${SRCROOT}/Pods/Target Support Files/Pods-CameraTestUITests/Pods-CameraTestUITests-resources.sh\"\n";
			showEnvVarsInLog = 0;
		};
		FE060A33758452110053549C /* [CP] Check Pods Manifest.lock */ = {
			isa = PBXShellScriptBuildPhase;
			buildActionMask = 2147483647;
			files = (
			);
			inputPaths = (
			);
			name = "[CP] Check Pods Manifest.lock";
			outputPaths = (
			);
			runOnlyForDeploymentPostprocessing = 0;
			shellPath = /bin/sh;
			shellScript = "diff \"${PODS_ROOT}/../Podfile.lock\" \"${PODS_ROOT}/Manifest.lock\" > /dev/null\nif [ $? != 0 ] ; then\n    # print error to STDERR\n    echo \"error: The sandbox is not in sync with the Podfile.lock. Run 'pod install' or update your CocoaPods installation.\" >&2\n    exit 1\nfi\n";
			showEnvVarsInLog = 0;
		};
/* End PBXShellScriptBuildPhase section */

/* Begin PBXSourcesBuildPhase section */
		177AED521E39C5E300FB1802 /* Sources */ = {
			isa = PBXSourcesBuildPhase;
			buildActionMask = 2147483647;
			files = (
				177AED5A1E39C5E300FB1802 /* AppDelegate.swift in Sources */,
				1771CB131E39F817001A55BE /* CameraViewController.swift in Sources */,
				1771CB151E39F827001A55BE /* CameraViewModel.swift in Sources */,
			);
			runOnlyForDeploymentPostprocessing = 0;
		};
		177AED661E39C5E300FB1802 /* Sources */ = {
			isa = PBXSourcesBuildPhase;
			buildActionMask = 2147483647;
			files = (
				177AED6F1E39C5E300FB1802 /* CameraTestTests.swift in Sources */,
			);
			runOnlyForDeploymentPostprocessing = 0;
		};
		177AED711E39C5E300FB1802 /* Sources */ = {
			isa = PBXSourcesBuildPhase;
			buildActionMask = 2147483647;
			files = (
				177AED7A1E39C5E300FB1802 /* CameraTestUITests.swift in Sources */,
			);
			runOnlyForDeploymentPostprocessing = 0;
		};
/* End PBXSourcesBuildPhase section */

/* Begin PBXTargetDependency section */
		177AED6C1E39C5E300FB1802 /* PBXTargetDependency */ = {
			isa = PBXTargetDependency;
			target = 177AED551E39C5E300FB1802 /* CameraTest */;
			targetProxy = 177AED6B1E39C5E300FB1802 /* PBXContainerItemProxy */;
		};
		177AED771E39C5E300FB1802 /* PBXTargetDependency */ = {
			isa = PBXTargetDependency;
			target = 177AED551E39C5E300FB1802 /* CameraTest */;
			targetProxy = 177AED761E39C5E300FB1802 /* PBXContainerItemProxy */;
		};
/* End PBXTargetDependency section */

/* Begin PBXVariantGroup section */
		177AED5D1E39C5E300FB1802 /* Main.storyboard */ = {
			isa = PBXVariantGroup;
			children = (
				177AED5E1E39C5E300FB1802 /* Base */,
			);
			name = Main.storyboard;
			sourceTree = "<group>";
		};
		177AED621E39C5E300FB1802 /* LaunchScreen.storyboard */ = {
			isa = PBXVariantGroup;
			children = (
				177AED631E39C5E300FB1802 /* Base */,
			);
			name = LaunchScreen.storyboard;
			sourceTree = "<group>";
		};
/* End PBXVariantGroup section */

/* Begin XCBuildConfiguration section */
		177AED7C1E39C5E300FB1802 /* Debug */ = {
			isa = XCBuildConfiguration;
			buildSettings = {
				ALWAYS_SEARCH_USER_PATHS = NO;
				CLANG_ANALYZER_NONNULL = YES;
				CLANG_CXX_LANGUAGE_STANDARD = "gnu++0x";
				CLANG_CXX_LIBRARY = "libc++";
				CLANG_ENABLE_MODULES = YES;
				CLANG_ENABLE_OBJC_ARC = YES;
				CLANG_WARN_BOOL_CONVERSION = YES;
				CLANG_WARN_CONSTANT_CONVERSION = YES;
				CLANG_WARN_DIRECT_OBJC_ISA_USAGE = YES_ERROR;
				CLANG_WARN_DOCUMENTATION_COMMENTS = YES;
				CLANG_WARN_EMPTY_BODY = YES;
				CLANG_WARN_ENUM_CONVERSION = YES;
				CLANG_WARN_INFINITE_RECURSION = YES;
				CLANG_WARN_INT_CONVERSION = YES;
				CLANG_WARN_OBJC_ROOT_CLASS = YES_ERROR;
				CLANG_WARN_SUSPICIOUS_MOVES = YES;
				CLANG_WARN_UNREACHABLE_CODE = YES;
				CLANG_WARN__DUPLICATE_METHOD_MATCH = YES;
				"CODE_SIGN_IDENTITY[sdk=iphoneos*]" = "iPhone Developer";
				COPY_PHASE_STRIP = NO;
				DEBUG_INFORMATION_FORMAT = dwarf;
				ENABLE_STRICT_OBJC_MSGSEND = YES;
				ENABLE_TESTABILITY = YES;
				GCC_C_LANGUAGE_STANDARD = gnu99;
				GCC_DYNAMIC_NO_PIC = NO;
				GCC_NO_COMMON_BLOCKS = YES;
				GCC_OPTIMIZATION_LEVEL = 0;
				GCC_PREPROCESSOR_DEFINITIONS = (
					"DEBUG=1",
					"$(inherited)",
				);
				GCC_WARN_64_TO_32_BIT_CONVERSION = YES;
				GCC_WARN_ABOUT_RETURN_TYPE = YES_ERROR;
				GCC_WARN_UNDECLARED_SELECTOR = YES;
				GCC_WARN_UNINITIALIZED_AUTOS = YES_AGGRESSIVE;
				GCC_WARN_UNUSED_FUNCTION = YES;
				GCC_WARN_UNUSED_VARIABLE = YES;
				IPHONEOS_DEPLOYMENT_TARGET = 10.1;
				MTL_ENABLE_DEBUG_INFO = YES;
				ONLY_ACTIVE_ARCH = YES;
				SDKROOT = iphoneos;
				SWIFT_ACTIVE_COMPILATION_CONDITIONS = DEBUG;
				SWIFT_OPTIMIZATION_LEVEL = "-Onone";
				TARGETED_DEVICE_FAMILY = "1,2";
			};
			name = Debug;
		};
		177AED7D1E39C5E300FB1802 /* Release */ = {
			isa = XCBuildConfiguration;
			buildSettings = {
				ALWAYS_SEARCH_USER_PATHS = NO;
				CLANG_ANALYZER_NONNULL = YES;
				CLANG_CXX_LANGUAGE_STANDARD = "gnu++0x";
				CLANG_CXX_LIBRARY = "libc++";
				CLANG_ENABLE_MODULES = YES;
				CLANG_ENABLE_OBJC_ARC = YES;
				CLANG_WARN_BOOL_CONVERSION = YES;
				CLANG_WARN_CONSTANT_CONVERSION = YES;
				CLANG_WARN_DIRECT_OBJC_ISA_USAGE = YES_ERROR;
				CLANG_WARN_DOCUMENTATION_COMMENTS = YES;
				CLANG_WARN_EMPTY_BODY = YES;
				CLANG_WARN_ENUM_CONVERSION = YES;
				CLANG_WARN_INFINITE_RECURSION = YES;
				CLANG_WARN_INT_CONVERSION = YES;
				CLANG_WARN_OBJC_ROOT_CLASS = YES_ERROR;
				CLANG_WARN_SUSPICIOUS_MOVES = YES;
				CLANG_WARN_UNREACHABLE_CODE = YES;
				CLANG_WARN__DUPLICATE_METHOD_MATCH = YES;
				"CODE_SIGN_IDENTITY[sdk=iphoneos*]" = "iPhone Developer";
				COPY_PHASE_STRIP = NO;
				DEBUG_INFORMATION_FORMAT = "dwarf-with-dsym";
				ENABLE_NS_ASSERTIONS = NO;
				ENABLE_STRICT_OBJC_MSGSEND = YES;
				GCC_C_LANGUAGE_STANDARD = gnu99;
				GCC_NO_COMMON_BLOCKS = YES;
				GCC_WARN_64_TO_32_BIT_CONVERSION = YES;
				GCC_WARN_ABOUT_RETURN_TYPE = YES_ERROR;
				GCC_WARN_UNDECLARED_SELECTOR = YES;
				GCC_WARN_UNINITIALIZED_AUTOS = YES_AGGRESSIVE;
				GCC_WARN_UNUSED_FUNCTION = YES;
				GCC_WARN_UNUSED_VARIABLE = YES;
				IPHONEOS_DEPLOYMENT_TARGET = 10.1;
				MTL_ENABLE_DEBUG_INFO = NO;
				SDKROOT = iphoneos;
				SWIFT_OPTIMIZATION_LEVEL = "-Owholemodule";
				TARGETED_DEVICE_FAMILY = "1,2";
				VALIDATE_PRODUCT = YES;
			};
			name = Release;
		};
		177AED7F1E39C5E300FB1802 /* Debug */ = {
			isa = XCBuildConfiguration;
			baseConfigurationReference = A8015AE39E0CA9ACD7008A32 /* Pods-CameraTest.debug.xcconfig */;
			buildSettings = {
				ASSETCATALOG_COMPILER_APPICON_NAME = AppIcon;
				DEVELOPMENT_TEAM = 4DX8QB5HYZ;
				INFOPLIST_FILE = CameraTest/Info.plist;
				LD_RUNPATH_SEARCH_PATHS = "$(inherited) @executable_path/Frameworks";
				PRODUCT_BUNDLE_IDENTIFIER = hogehoge.CameraTest;
				PRODUCT_NAME = "$(TARGET_NAME)";
				SWIFT_VERSION = 3.0;
			};
			name = Debug;
		};
		177AED801E39C5E300FB1802 /* Release */ = {
			isa = XCBuildConfiguration;
			baseConfigurationReference = 7C75B6F80829AA7B2EB1CC9E /* Pods-CameraTest.release.xcconfig */;
			buildSettings = {
				ASSETCATALOG_COMPILER_APPICON_NAME = AppIcon;
				DEVELOPMENT_TEAM = 4DX8QB5HYZ;
				INFOPLIST_FILE = CameraTest/Info.plist;
				LD_RUNPATH_SEARCH_PATHS = "$(inherited) @executable_path/Frameworks";
				PRODUCT_BUNDLE_IDENTIFIER = hogehoge.CameraTest;
				PRODUCT_NAME = "$(TARGET_NAME)";
				SWIFT_VERSION = 3.0;
			};
			name = Release;
		};
		177AED821E39C5E300FB1802 /* Debug */ = {
			isa = XCBuildConfiguration;
			baseConfigurationReference = 80CC4052D2C39E461EF2B022 /* Pods-CameraTestTests.debug.xcconfig */;
			buildSettings = {
				ALWAYS_EMBED_SWIFT_STANDARD_LIBRARIES = YES;
				BUNDLE_LOADER = "$(TEST_HOST)";
				INFOPLIST_FILE = CameraTestTests/Info.plist;
				LD_RUNPATH_SEARCH_PATHS = "$(inherited) @executable_path/Frameworks @loader_path/Frameworks";
				PRODUCT_BUNDLE_IDENTIFIER = hogehoge.CameraTestTests;
				PRODUCT_NAME = "$(TARGET_NAME)";
				SWIFT_VERSION = 3.0;
				TEST_HOST = "$(BUILT_PRODUCTS_DIR)/CameraTest.app/CameraTest";
			};
			name = Debug;
		};
		177AED831E39C5E300FB1802 /* Release */ = {
			isa = XCBuildConfiguration;
			baseConfigurationReference = FC1DDE2956A97A5E9F5622E0 /* Pods-CameraTestTests.release.xcconfig */;
			buildSettings = {
				ALWAYS_EMBED_SWIFT_STANDARD_LIBRARIES = YES;
				BUNDLE_LOADER = "$(TEST_HOST)";
				INFOPLIST_FILE = CameraTestTests/Info.plist;
				LD_RUNPATH_SEARCH_PATHS = "$(inherited) @executable_path/Frameworks @loader_path/Frameworks";
				PRODUCT_BUNDLE_IDENTIFIER = hogehoge.CameraTestTests;
				PRODUCT_NAME = "$(TARGET_NAME)";
				SWIFT_VERSION = 3.0;
				TEST_HOST = "$(BUILT_PRODUCTS_DIR)/CameraTest.app/CameraTest";
			};
			name = Release;
		};
		177AED851E39C5E300FB1802 /* Debug */ = {
			isa = XCBuildConfiguration;
			baseConfigurationReference = 0DD55CD45DB5E456E7789682 /* Pods-CameraTestUITests.debug.xcconfig */;
			buildSettings = {
				ALWAYS_EMBED_SWIFT_STANDARD_LIBRARIES = YES;
				INFOPLIST_FILE = CameraTestUITests/Info.plist;
				LD_RUNPATH_SEARCH_PATHS = "$(inherited) @executable_path/Frameworks @loader_path/Frameworks";
				PRODUCT_BUNDLE_IDENTIFIER = hogehoge.CameraTestUITests;
				PRODUCT_NAME = "$(TARGET_NAME)";
				SWIFT_VERSION = 3.0;
				TEST_TARGET_NAME = CameraTest;
			};
			name = Debug;
		};
		177AED861E39C5E300FB1802 /* Release */ = {
			isa = XCBuildConfiguration;
			baseConfigurationReference = FB509EAB331FCF867F6EF0CA /* Pods-CameraTestUITests.release.xcconfig */;
			buildSettings = {
				ALWAYS_EMBED_SWIFT_STANDARD_LIBRARIES = YES;
				INFOPLIST_FILE = CameraTestUITests/Info.plist;
				LD_RUNPATH_SEARCH_PATHS = "$(inherited) @executable_path/Frameworks @loader_path/Frameworks";
				PRODUCT_BUNDLE_IDENTIFIER = hogehoge.CameraTestUITests;
				PRODUCT_NAME = "$(TARGET_NAME)";
				SWIFT_VERSION = 3.0;
				TEST_TARGET_NAME = CameraTest;
			};
			name = Release;
		};
/* End XCBuildConfiguration section */

/* Begin XCConfigurationList section */
		177AED511E39C5E300FB1802 /* Build configuration list for PBXProject "CameraTest" */ = {
			isa = XCConfigurationList;
			buildConfigurations = (
				177AED7C1E39C5E300FB1802 /* Debug */,
				177AED7D1E39C5E300FB1802 /* Release */,
			);
			defaultConfigurationIsVisible = 0;
			defaultConfigurationName = Release;
		};
		177AED7E1E39C5E300FB1802 /* Build configuration list for PBXNativeTarget "CameraTest" */ = {
			isa = XCConfigurationList;
			buildConfigurations = (
				177AED7F1E39C5E300FB1802 /* Debug */,
				177AED801E39C5E300FB1802 /* Release */,
			);
			defaultConfigurationIsVisible = 0;
			defaultConfigurationName = Release;
		};
		177AED811E39C5E300FB1802 /* Build configuration list for PBXNativeTarget "CameraTestTests" */ = {
			isa = XCConfigurationList;
			buildConfigurations = (
				177AED821E39C5E300FB1802 /* Debug */,
				177AED831E39C5E300FB1802 /* Release */,
			);
			defaultConfigurationIsVisible = 0;
			defaultConfigurationName = Release;
		};
		177AED841E39C5E300FB1802 /* Build configuration list for PBXNativeTarget "CameraTestUITests" */ = {
			isa = XCConfigurationList;
			buildConfigurations = (
				177AED851E39C5E300FB1802 /* Debug */,
				177AED861E39C5E300FB1802 /* Release */,
			);
			defaultConfigurationIsVisible = 0;
			defaultConfigurationName = Release;
		};
/* End XCConfigurationList section */
	};
	rootObject = 177AED4E1E39C5E300FB1802 /* Project object */;
}
